{
  "nodes": {
    "beholder": {
      "inputs": {
        "nixpkgs": [
          "nixpkgs"
        ]
      },
      "locked": {
        "lastModified": 1738715170,
        "narHash": "sha256-JNnLiFvrRB9v1yf871TcjE7Pw+/4+2FOfF7cUeDlUtA=",
        "owner": "siegfried",
        "repo": "beholder",
        "rev": "93b5b50d6b8f7cefd52a63af6616f31036a04eb9",
        "type": "github"
      },
      "original": {
        "owner": "siegfried",
        "repo": "beholder",
        "type": "github"
      }
    },
    "binancer": {
      "flake": false,
      "locked": {
        "lastModified": 1701016053,
        "narHash": "sha256-fXyZr2DaUVfO1LmvK7cRaPTV3zJPDYoIuZQCCc6z8pM=",
        "owner": "siegfried",
        "repo": "binancer",
        "rev": "f343d4d4cdb03de03447c1f3149450bb26687fe0",
        "type": "github"
      },
      "original": {
        "owner": "siegfried",
        "ref": "usdm-support",
        "repo": "binancer",
        "type": "github"
      }
    },
    "nixpkgs": {
      "locked": {
        "lastModified": 1741379970,
        "narHash": "sha256-Wh7esNh7G24qYleLvgOSY/7HlDUzWaL/n4qzlBePpiw=",
        "owner": "nixos",
        "repo": "nixpkgs",
        "rev": "36fd87baa9083f34f7f5027900b62ee6d09b1f2f",
        "type": "github"
      },
      "original": {
        "owner": "nixos",
        "ref": "nixos-unstable",
        "repo": "nixpkgs",
        "type": "github"
      }
    },
    "root": {
      "inputs": {
        "beholder": "beholder",
        "binancer": "binancer",
        "nixpkgs": "nixpkgs"
      }
    }
  },
  "root": "root",
  "version": 7
}
